<?xml version="1.0" encoding="utf-8"?>
<Project ToolsVersion="4.0" xmlns="http://schemas.microsoft.com/developer/msbuild/2003">
  <ItemGroup>
    <Filter Include="Исходные файлы">
      <UniqueIdentifier>{4FC737F1-C7A5-4376-A066-2A32D752A2FF}</UniqueIdentifier>
      <Extensions>cpp;c;cc;cxx;c++;cppm;ixx;def;odl;idl;hpj;bat;asm;asmx</Extensions>
    </Filter>
    <Filter Include="Файлы заголовков">
      <UniqueIdentifier>{93995380-89BD-4b04-88EB-625FBE52EBFB}</UniqueIdentifier>
      <Extensions>h;hh;hpp;hxx;h++;hm;inl;inc;ipp;xsd</Extensions>
    </Filter>
    <Filter Include="Файлы ресурсов">
      <UniqueIdentifier>{67DA6AB6-F800-4c08-8B7A-83BB121AAD01}</UniqueIdentifier>
      <Extensions>rc;ico;cur;bmp;dlg;rc2;rct;bin;rgs;gif;jpg;jpeg;jpe;resx;tiff;tif;png;wav;mfcribbon-ms</Extensions>
    </Filter>
    <Filter Include="detours">
      <UniqueIdentifier>{b5b9db23-bb16-42da-9999-7edcdd8a0ac6}</UniqueIdentifier>
    </Filter>
    <Filter Include="imgui">
      <UniqueIdentifier>{97023ca2-4130-48d5-a386-abe98a1d37ec}</UniqueIdentifier>
    </Filter>
    <Filter Include="Il2cpp">
      <UniqueIdentifier>{bc5ab0cc-28fa-4e80-8ecf-91b57c6dfaca}</UniqueIdentifier>
    </Filter>
    <Filter Include="sdk">
      <UniqueIdentifier>{1f53e4d2-b77f-4d8a-ac4e-12d291ce014f}</UniqueIdentifier>
    </Filter>
    <Filter Include="hooks">
      <UniqueIdentifier>{4507e7b9-9587-4c96-bf56-87a98fd2a068}</UniqueIdentifier>
    </Filter>
    <Filter Include="logger">
      <UniqueIdentifier>{3aaee8ac-f36e-4f80-8a2a-1902336f23c2}</UniqueIdentifier>
    </Filter>
    <Filter Include="menu">
      <UniqueIdentifier>{3047d702-ce57-4222-90f9-8823e99ad6f6}</UniqueIdentifier>
    </Filter>
    <Filter Include="utils">
      <UniqueIdentifier>{16714487-2458-4919-8514-66567f53af4b}</UniqueIdentifier>
    </Filter>
    <Filter Include="features">
      <UniqueIdentifier>{72e9687e-963a-40e8-83f5-d4e41d5597ab}</UniqueIdentifier>
    </Filter>
    <Filter Include="features\feats">
      <UniqueIdentifier>{d19d3a8f-dbb5-435e-85d2-6c9dbcb7f124}</UniqueIdentifier>
    </Filter>
    <Filter Include="configs">
      <UniqueIdentifier>{af337e08-b120-428b-8087-a4c7e9beb5be}</UniqueIdentifier>
    </Filter>
    <Filter Include="fonts">
      <UniqueIdentifier>{c78ec3a6-4cc9-44e5-a7ef-76dbc7d85d8b}</UniqueIdentifier>
    </Filter>
  </ItemGroup>
  <ItemGroup>
    <ClCompile Include="dllmain.cpp">
      <Filter>Исходные файлы</Filter>
    </ClCompile>
    <ClCompile Include="libs\il2cpp\il2cpp.cpp">
      <Filter>Il2cpp</Filter>
    </ClCompile>
    <ClCompile Include="main\hooks\hooking.cpp">
      <Filter>hooks</Filter>
    </ClCompile>
    <ClCompile Include="main\hooks\LevelController_Start.cpp">
      <Filter>hooks</Filter>
    </ClCompile>
    <ClCompile Include="main\logging\logger.cpp">
      <Filter>logger</Filter>
    </ClCompile>
    <ClCompile Include="main\menu\menu.cpp">
      <Filter>menu</Filter>
    </ClCompile>
    <ClCompile Include="main\hooks\WndProc.cpp">
      <Filter>hooks</Filter>
    </ClCompile>
    <ClCompile Include="main\hooks\Present.cpp">
      <Filter>hooks</Filter>
    </ClCompile>
    <ClCompile Include="main\menu\renderer.cpp">
      <Filter>menu</Filter>
    </ClCompile>
    <ClCompile Include="main\utils\utils.cpp">
      <Filter>utils</Filter>
    </ClCompile>
    <ClCompile Include="main\hooks\ExitLevel_Exit.cpp">
      <Filter>hooks</Filter>
    </ClCompile>
    <ClCompile Include="main\features\feature.cpp">
      <Filter>features</Filter>
    </ClCompile>
    <ClCompile Include="main\features\feats\waterka\watermark.cpp">
      <Filter>features\feats</Filter>
    </ClCompile>
    <ClCompile Include="main\config\configs_manager.cpp">
      <Filter>configs</Filter>
    </ClCompile>
    <ClCompile Include="libs\imgui\imgui_draw.cpp">
      <Filter>imgui</Filter>
    </ClCompile>
    <ClCompile Include="libs\imgui\imgui_impl_dx11.cpp">
      <Filter>imgui</Filter>
    </ClCompile>
    <ClCompile Include="libs\imgui\imgui_impl_win32.cpp">
      <Filter>imgui</Filter>
    </ClCompile>
    <ClCompile Include="libs\imgui\imgui_tables.cpp">
      <Filter>imgui</Filter>
    </ClCompile>
    <ClCompile Include="libs\imgui\imgui_widgets.cpp">
      <Filter>imgui</Filter>
    </ClCompile>
    <ClCompile Include="libs\imgui\imgui.cpp">
      <Filter>imgui</Filter>
    </ClCompile>
    <ClCompile Include="libs\imgui\imgui_demo.cpp">
      <Filter>imgui</Filter>
    </ClCompile>
    <ClCompile Include="main\config\config.cpp">
      <Filter>configs</Filter>
    </ClCompile>
    <ClCompile Include="main\features\feats\ghostpanel\ghostpanel.cpp">
      <Filter>features\feats</Filter>
    </ClCompile>
    <ClCompile Include="main\hooks\MapController_Start.cpp">
      <Filter>hooks</Filter>
    </ClCompile>
    <ClCompile Include="main\hooks\GhostAI_Start.cpp">
      <Filter>hooks</Filter>
    </ClCompile>
    <ClCompile Include="main\hooks\GameController_Exit.cpp">
      <Filter>hooks</Filter>
    </ClCompile>
    <ClCompile Include="main\hooks\PauseMenuController_Leave.cpp">
      <Filter>Исходные файлы</Filter>
    </ClCompile>
    <ClCompile Include="main\features\feats\ghostesp\ghostesp.cpp">
      <Filter>Исходные файлы</Filter>
    </ClCompile>
    <ClCompile Include="main\hooks\GhostAI_Hunting.cpp">
      <Filter>Исходные файлы</Filter>
    </ClCompile>
    <ClCompile Include="main\features\feats\fuseesp\fuseesp.cpp">
      <Filter>Исходные файлы</Filter>
    </ClCompile>
    <ClCompile Include="main\hooks\GhostAI_Update.cpp">
      <Filter>Исходные файлы</Filter>
    </ClCompile>
    <ClCompile Include="main\features\feats\edvesp\edvesp.cpp">
      <Filter>Исходные файлы</Filter>
    </ClCompile>
    <ClCompile Include="main\hooks\EvidenceController_Start.cpp">
      <Filter>Исходные файлы</Filter>
    </ClCompile>
    <ClCompile Include="main\features\feats\fullbright\fullbright.cpp">
      <Filter>Исходные файлы</Filter>
    </ClCompile>
    <ClCompile Include="main\features\feats\statspanel\statspanel.cpp">
      <Filter>Исходные файлы</Filter>
    </ClCompile>
    <ClCompile Include="main\features\feats\actmonik\actmonik.cpp">
      <Filter>Исходные файлы</Filter>
    </ClCompile>
    <ClCompile Include="main\hooks\EMFData_Start.cpp">
      <Filter>Исходные файлы</Filter>
    </ClCompile>
    <ClCompile Include="main\features\feats\playerpanel\playerpanel.cpp">
      <Filter>Исходные файлы</Filter>
    </ClCompile>
    <ClCompile Include="main\features\feats\playeresp\playeresp.cpp">
      <Filter>Исходные файлы</Filter>
    </ClCompile>
    <ClCompile Include="main\hooks\Player_StartKillingPlayer.cpp">
      <Filter>Исходные файлы</Filter>
    </ClCompile>
    <ClCompile Include="main\hooks\Player_StartKillingPlayerNetworked.cpp">
      <Filter>Исходные файлы</Filter>
    </ClCompile>
    <ClCompile Include="main\features\feats\godmode\godmode.cpp">
      <Filter>Исходные файлы</Filter>
    </ClCompile>
    <ClCompile Include="main\features\feats\foveditor\foveditor.cpp">
      <Filter>Исходные файлы</Filter>
    </ClCompile>
    <ClCompile Include="main\features\feats\playermod\playermodifier.cpp">
      <Filter>Исходные файлы</Filter>
    </ClCompile>
    <ClCompile Include="main\features\feats\ghostmod\ghostmodifier.cpp">
      <Filter>Исходные файлы</Filter>
    </ClCompile>
    <ClCompile Include="main\features\feats\ghostinter\ghostinter.cpp">
      <Filter>Исходные файлы</Filter>
    </ClCompile>
    <ClCompile Include="main\features\feats\ghostdesign\ghostdesign.cpp">
      <Filter>Исходные файлы</Filter>
    </ClCompile>
    <ClCompile Include="main\hooks\GhostInfo_SyncValuesNetworked.cpp">
      <Filter>Исходные файлы</Filter>
    </ClCompile>
    <ClCompile Include="main\hooks\GhostInfo_SyncEvidence.cpp">
      <Filter>Исходные файлы</Filter>
    </ClCompile>
    <ClCompile Include="main\features\feats\pickup\pickup.cpp">
      <Filter>Исходные файлы</Filter>
    </ClCompile>
    <ClCompile Include="main\hooks\PhotonObjectInteract_Start.cpp">
      <Filter>Исходные файлы</Filter>
    </ClCompile>
    <ClCompile Include="main\mem\memory.cpp">
      <Filter>Исходные файлы</Filter>
    </ClCompile>
    <ClCompile Include="main\features\feats\custname\customname.cpp">
      <Filter>Исходные файлы</Filter>
    </ClCompile>
    <ClCompile Include="main\hooks\FirstPersonController_Update.cpp">
      <Filter>Исходные файлы</Filter>
    </ClCompile>
    <ClCompile Include="main\features\feats\customlooklimits\customlooklimits.cpp">
      <Filter>Исходные файлы</Filter>
    </ClCompile>
    <ClCompile Include="main\features\feats\CursedItemsControll\curseditemscontroll.cpp">
      <Filter>Исходные файлы</Filter>
    </ClCompile>
    <ClCompile Include="main\hooks\TarotCard_SetCard.cpp">
      <Filter>Исходные файлы</Filter>
    </ClCompile>
    <ClCompile Include="main\features\feats\infstamina\infinitystamina.cpp">
      <Filter>Исходные файлы</Filter>
    </ClCompile>
    <ClCompile Include="main\features\feats\noclip\noclip.cpp">
      <Filter>Исходные файлы</Filter>
    </ClCompile>
    <ClCompile Include="main\hooks\PlayerStamina_Update.cpp">
      <Filter>Исходные файлы</Filter>
    </ClCompile>
    <ClCompile Include="main\features\feats\custspeed\customspeed.cpp">
      <Filter>Исходные файлы</Filter>
    </ClCompile>
    <ClCompile Include="main\features\feats\teleport\teleport.cpp">
      <Filter>Исходные файлы</Filter>
    </ClCompile>
    <ClCompile Include="main\features\feats\exitvanone\exitvanone.cpp">
      <Filter>Исходные файлы</Filter>
    </ClCompile>
    <ClCompile Include="main\hooks\ExitLevel_ThereAreAlivePlayersOutsideTheTruck.cpp">
      <Filter>Исходные файлы</Filter>
    </ClCompile>
    <ClCompile Include="main\features\feats\antikick\antikick.cpp">
      <Filter>Исходные файлы</Filter>
    </ClCompile>
    <ClCompile Include="main\hooks\ServerManager_KickPlayerNetworked.cpp">
      <Filter>Исходные файлы</Filter>
    </ClCompile>
    <ClCompile Include="main\hooks\ObjectiveManager_Update.cpp">
      <Filter>Исходные файлы</Filter>
    </ClCompile>
    <ClCompile Include="main\features\feats\rewardmod\rewardmodifier.cpp">
      <Filter>Исходные файлы</Filter>
    </ClCompile>
    <ClCompile Include="main\hooks\LevelValues_GetInvestigationBonusReward.cpp">
      <Filter>Исходные файлы</Filter>
    </ClCompile>
    <ClCompile Include="main\hooks\LevelValues_IsPerfectGame.cpp">
      <Filter>Исходные файлы</Filter>
    </ClCompile>
    <ClCompile Include="main\hooks\MediaValues_GetRewardAmount.cpp">
      <Filter>Исходные файлы</Filter>
    </ClCompile>
    <ClCompile Include="main\features\feats\diffmod\difficultymodifier.cpp">
      <Filter>Исходные файлы</Filter>
    </ClCompile>
    <ClCompile Include="main\features\feats\doormod\doormodifier.cpp">
      <Filter>Исходные файлы</Filter>
    </ClCompile>
    <ClCompile Include="main\features\feats\grabkey\grabkey.cpp">
      <Filter>Исходные файлы</Filter>
    </ClCompile>
    <ClCompile Include="main\features\feats\mapmod\mapmodifier.cpp">
      <Filter>Исходные файлы</Filter>
    </ClCompile>
    <ClCompile Include="main\hooks\Key_Start.cpp">
      <Filter>Исходные файлы</Filter>
    </ClCompile>
    <ClCompile Include="main\hooks\SaltShaker_Update.cpp">
      <Filter>Исходные файлы</Filter>
    </ClCompile>
    <ClCompile Include="main\features\feats\saltmod\saltmodifier.cpp">
      <Filter>Исходные файлы</Filter>
    </ClCompile>
    <ClCompile Include="main\hooks\SaltSpot_SyncSalt.cpp">
      <Filter>Исходные файлы</Filter>
    </ClCompile>
    <ClCompile Include="main\hooks\LevelSelectionManager_Start.cpp">
      <Filter>Исходные файлы</Filter>
    </ClCompile>
    <ClCompile Include="main\features\feats\tests\test.cpp">
      <Filter>Исходные файлы</Filter>
    </ClCompile>
    <ClCompile Include="main\features\feats\shopmod\shopmodifier.cpp">
      <Filter>Исходные файлы</Filter>
    </ClCompile>
    <ClCompile Include="main\hooks\Application_CallLogCallback.cpp">
      <Filter>Исходные файлы</Filter>
    </ClCompile>
    <ClCompile Include="main\features\feats\forcestart\forcestart.cpp">
      <Filter>Исходные файлы</Filter>
    </ClCompile>
    <ClCompile Include="main\hooks\ServerManager_Ready.cpp">
      <Filter>Исходные файлы</Filter>
    </ClCompile>
    <ClCompile Include="main\features\feats\notifyinfo\notifyinfo.cpp">
      <Filter>Исходные файлы</Filter>
    </ClCompile>
    <ClCompile Include="main\hooks\DNAEvidence_GrabbedNetworked.cpp">
      <Filter>Исходные файлы</Filter>
    </ClCompile>
    <ClCompile Include="main\hooks\FallTeleportBox_OnTriggerEnter.cpp">
      <Filter>Исходные файлы</Filter>
    </ClCompile>
  </ItemGroup>
  <ItemGroup>
    <ClInclude Include="Globals.h">
      <Filter>Файлы заголовков</Filter>
    </ClInclude>
    <ClInclude Include="inGame.h">
      <Filter>Файлы заголовков</Filter>
    </ClInclude>
    <ClInclude Include="libs\detours\include\detver.h">
      <Filter>detours</Filter>
    </ClInclude>
    <ClInclude Include="libs\detours\include\syelog.h">
      <Filter>detours</Filter>
    </ClInclude>
    <ClInclude Include="libs\detours\include\detours.h">
      <Filter>detours</Filter>
    </ClInclude>
    <ClInclude Include="main\sdk\sdk.h">
      <Filter>sdk</Filter>
    </ClInclude>
    <ClInclude Include="libs\il2cpp\il2cpp.h">
      <Filter>Il2cpp</Filter>
    </ClInclude>
    <ClInclude Include="main\sdk\GhostAI.h">
      <Filter>sdk</Filter>
    </ClInclude>
    <ClInclude Include="main\sdk\MethodInfo.h">
      <Filter>sdk</Filter>
    </ClInclude>
    <ClInclude Include="main\sdk\MonoBehaviour.h">
      <Filter>sdk</Filter>
    </ClInclude>
    <ClInclude Include="main\sdk\Vector3.h">
      <Filter>sdk</Filter>
    </ClInclude>
    <ClInclude Include="main\sdk\Quaternion.h">
      <Filter>sdk</Filter>
    </ClInclude>
    <ClInclude Include="main\sdk\String.h">
      <Filter>sdk</Filter>
    </ClInclude>
    <ClInclude Include="main\sdk\Vector2.h">
      <Filter>sdk</Filter>
    </ClInclude>
    <ClInclude Include="main\sdk\GhostInfo.h">
      <Filter>sdk</Filter>
    </ClInclude>
    <ClInclude Include="main\sdk\GhostModel.h">
      <Filter>sdk</Filter>
    </ClInclude>
    <ClInclude Include="main\sdk\GhostTraits.h">
      <Filter>sdk</Filter>
    </ClInclude>
    <ClInclude Include="main\sdk\GhostEvidence.h">
      <Filter>sdk</Filter>
    </ClInclude>
    <ClInclude Include="Includes.h">
      <Filter>Файлы заголовков</Filter>
    </ClInclude>
    <ClInclude Include="main\hooks\Hooks.h">
      <Filter>hooks</Filter>
    </ClInclude>
    <ClInclude Include="main\hooks\hooking.h">
      <Filter>hooks</Filter>
    </ClInclude>
    <ClInclude Include="main\logging\logger.h">
      <Filter>logger</Filter>
    </ClInclude>
    <ClInclude Include="main\menu\styles.h">
      <Filter>menu</Filter>
    </ClInclude>
    <ClInclude Include="main\menu\menu.h">
      <Filter>menu</Filter>
    </ClInclude>
    <ClInclude Include="main\menu\renderer.h">
      <Filter>menu</Filter>
    </ClInclude>
    <ClInclude Include="main\utils\utils.h">
      <Filter>utils</Filter>
    </ClInclude>
    <ClInclude Include="main\sdk\ExitLevel.h">
      <Filter>sdk</Filter>
    </ClInclude>
    <ClInclude Include="main\sdk\Cursor.h">
      <Filter>sdk</Filter>
    </ClInclude>
    <ClInclude Include="main\features\feature.h">
      <Filter>features</Filter>
    </ClInclude>
    <ClInclude Include="main\features\settings.h">
      <Filter>features</Filter>
    </ClInclude>
    <ClInclude Include="main\features\feats\waterka\watermark.h">
      <Filter>features\feats</Filter>
    </ClInclude>
    <ClInclude Include="main\config\configs_manager.h">
      <Filter>configs</Filter>
    </ClInclude>
    <ClInclude Include="libs\imgui\imgui_impl_dx11.h">
      <Filter>imgui</Filter>
    </ClInclude>
    <ClInclude Include="libs\imgui\imgui_impl_win32.h">
      <Filter>imgui</Filter>
    </ClInclude>
    <ClInclude Include="libs\imgui\imgui_internal.h">
      <Filter>imgui</Filter>
    </ClInclude>
    <ClInclude Include="libs\imgui\imstb_rectpack.h">
      <Filter>imgui</Filter>
    </ClInclude>
    <ClInclude Include="libs\imgui\imstb_textedit.h">
      <Filter>imgui</Filter>
    </ClInclude>
    <ClInclude Include="libs\imgui\imstb_truetype.h">
      <Filter>imgui</Filter>
    </ClInclude>
    <ClInclude Include="libs\imgui\imconfig.h">
      <Filter>imgui</Filter>
    </ClInclude>
    <ClInclude Include="libs\imgui\imgui.h">
      <Filter>imgui</Filter>
    </ClInclude>
    <ClInclude Include="main\config\config.h">
      <Filter>configs</Filter>
    </ClInclude>
    <ClInclude Include="res\fonts\DefFont.hpp">
      <Filter>fonts</Filter>
    </ClInclude>
    <ClInclude Include="res\fonts\HeadFont.hpp">
      <Filter>fonts</Filter>
    </ClInclude>
    <ClInclude Include="res\fonts\VCustomFont.hpp">
      <Filter>fonts</Filter>
    </ClInclude>
    <ClInclude Include="main\features\feats\ghostpanel\ghostpanel.h">
      <Filter>features\feats</Filter>
    </ClInclude>
    <ClInclude Include="main\sdk\Network.h">
      <Filter>sdk</Filter>
    </ClInclude>
    <ClInclude Include="main\sdk\Player.h">
      <Filter>sdk</Filter>
    </ClInclude>
    <ClInclude Include="main\sdk\PlayerSanity.h">
      <Filter>sdk</Filter>
    </ClInclude>
    <ClInclude Include="main\sdk\PlayerStamina.h">
      <Filter>sdk</Filter>
    </ClInclude>
    <ClInclude Include="main\sdk\PhysicsCharacterController.h">
      <Filter>sdk</Filter>
    </ClInclude>
    <ClInclude Include="main\sdk\GameObject.h">
      <Filter>sdk</Filter>
    </ClInclude>
    <ClInclude Include="main\sdk\LevelController.h">
      <Filter>sdk</Filter>
    </ClInclude>
    <ClInclude Include="main\sdk\LevelRoom.h">
      <Filter>sdk</Filter>
    </ClInclude>
    <ClInclude Include="main\sdk\LevelStats.h">
      <Filter>sdk</Filter>
    </ClInclude>
    <ClInclude Include="main\sdk\LevelValues.h">
      <Filter>sdk</Filter>
    </ClInclude>
    <ClInclude Include="main\sdk\MapController.h">
      <Filter>sdk</Filter>
    </ClInclude>
    <ClInclude Include="main\sdk\Transform.h">
      <Filter>sdk</Filter>
    </ClInclude>
    <ClInclude Include="main\sdk\Camera.h">
      <Filter>sdk</Filter>
    </ClInclude>
    <ClInclude Include="main\sdk\Component.h">
      <Filter>sdk</Filter>
    </ClInclude>
    <ClInclude Include="main\sdk\System.h">
      <Filter>sdk</Filter>
    </ClInclude>
    <ClInclude Include="main\sdk\FuseBox.h">
      <Filter>sdk</Filter>
    </ClInclude>
    <ClInclude Include="main\sdk\GameController.h">
      <Filter>sdk</Filter>
    </ClInclude>
    <ClInclude Include="main\sdk\Door.h">
      <Filter>sdk</Filter>
    </ClInclude>
    <ClInclude Include="main\sdk\RaycastHit.h">
      <Filter>sdk</Filter>
    </ClInclude>
    <ClInclude Include="main\sdk\Rigidbody.h">
      <Filter>sdk</Filter>
    </ClInclude>
    <ClInclude Include="main\sdk\PhotonNetwork.h">
      <Filter>sdk</Filter>
    </ClInclude>
    <ClInclude Include="main\sdk\PauseMenuController.h">
      <Filter>Файлы заголовков</Filter>
    </ClInclude>
    <ClInclude Include="main\features\feats\ghostesp\ghostesp.h">
      <Filter>Файлы заголовков</Filter>
    </ClInclude>
    <ClInclude Include="main\features\feats\fuseesp\fuseesp.h">
      <Filter>Файлы заголовков</Filter>
    </ClInclude>
    <ClInclude Include="main\features\feats\edvesp\edvesp.h">
      <Filter>Файлы заголовков</Filter>
    </ClInclude>
    <ClInclude Include="main\sdk\Evidence.h">
      <Filter>Файлы заголовков</Filter>
    </ClInclude>
    <ClInclude Include="main\sdk\EvidenceController.h">
      <Filter>Файлы заголовков</Filter>
    </ClInclude>
    <ClInclude Include="main\sdk\MediaValues.h">
      <Filter>Файлы заголовков</Filter>
    </ClInclude>
    <ClInclude Include="main\features\feats\fullbright\fullbright.h">
      <Filter>Файлы заголовков</Filter>
    </ClInclude>
    <ClInclude Include="main\sdk\Light.h">
      <Filter>Файлы заголовков</Filter>
    </ClInclude>
    <ClInclude Include="main\features\feats\statspanel\statspanel.h">
      <Filter>Файлы заголовков</Filter>
    </ClInclude>
    <ClInclude Include="main\features\feats\actmonik\actmonik.h">
      <Filter>Файлы заголовков</Filter>
    </ClInclude>
    <ClInclude Include="main\sdk\EMFData.h">
      <Filter>Файлы заголовков</Filter>
    </ClInclude>
    <ClInclude Include="main\sdk\LineRenderer.h">
      <Filter>Файлы заголовков</Filter>
    </ClInclude>
    <ClInclude Include="main\features\feats\playerpanel\playerpanel.h">
      <Filter>Файлы заголовков</Filter>
    </ClInclude>
    <ClInclude Include="main\features\feats\playeresp\playeresp.h">
      <Filter>Файлы заголовков</Filter>
    </ClInclude>
    <ClInclude Include="main\features\feats\godmode\godmode.h">
      <Filter>Файлы заголовков</Filter>
    </ClInclude>
    <ClInclude Include="main\features\feats\foveditor\foveditor.h">
      <Filter>Файлы заголовков</Filter>
    </ClInclude>
    <ClInclude Include="main\features\feats\playermod\playermodifier.h">
      <Filter>Файлы заголовков</Filter>
    </ClInclude>
    <ClInclude Include="main\utils\notification.h">
      <Filter>Файлы заголовков</Filter>
    </ClInclude>
    <ClInclude Include="main\features\feats\ghostmod\ghostmodifier.h">
      <Filter>Файлы заголовков</Filter>
    </ClInclude>
    <ClInclude Include="main\features\feats\ghostinter\ghostinter.h">
      <Filter>Файлы заголовков</Filter>
    </ClInclude>
    <ClInclude Include="main\sdk\GhostActivity.h">
      <Filter>Файлы заголовков</Filter>
    </ClInclude>
    <ClInclude Include="main\features\feats\ghostdesign\ghostdesign.h">
      <Filter>Файлы заголовков</Filter>
    </ClInclude>
    <ClInclude Include="main\sdk\PhotonObjectInteract.h">
      <Filter>Файлы заголовков</Filter>
    </ClInclude>
    <ClInclude Include="main\features\feats\pickup\pickup.h">
      <Filter>Файлы заголовков</Filter>
    </ClInclude>
    <ClInclude Include="main\mem\memory.h">
      <Filter>Файлы заголовков</Filter>
    </ClInclude>
    <ClInclude Include="main\features\feats\custname\customname.h">
      <Filter>Файлы заголовков</Filter>
    </ClInclude>
    <ClInclude Include="main\sdk\FirstPersonController.h">
      <Filter>Файлы заголовков</Filter>
    </ClInclude>
    <ClInclude Include="main\sdk\MouseLook.h">
      <Filter>Файлы заголовков</Filter>
    </ClInclude>
    <ClInclude Include="main\features\features_includes.h">
      <Filter>Файлы заголовков</Filter>
    </ClInclude>
    <ClInclude Include="main\features\feats\360camera\camera360.h">
      <Filter>Файлы заголовков</Filter>
    </ClInclude>
    <ClInclude Include="main\features\feats\customlooklimits\customlooklimits.h">
      <Filter>Файлы заголовков</Filter>
    </ClInclude>
    <ClInclude Include="main\features\feats\CursedItemsControll\curseditemscontroll.h">
      <Filter>Файлы заголовков</Filter>
    </ClInclude>
    <ClInclude Include="main\sdk\CursedItemsController.h">
      <Filter>Файлы заголовков</Filter>
    </ClInclude>
    <ClInclude Include="main\sdk\CursedItem.h">
      <Filter>Файлы заголовков</Filter>
    </ClInclude>
    <ClInclude Include="main\sdk\TarotCards.h">
      <Filter>Файлы заголовков</Filter>
    </ClInclude>
    <ClInclude Include="main\sdk\TarotCard.h">
      <Filter>Файлы заголовков</Filter>
    </ClInclude>
    <ClInclude Include="main\features\feats\infstamina\infinitystamina.h">
      <Filter>Файлы заголовков</Filter>
    </ClInclude>
    <ClInclude Include="main\features\feats\noclip\noclip.h">
      <Filter>Файлы заголовков</Filter>
    </ClInclude>
    <ClInclude Include="main\sdk\Time.h">
      <Filter>Файлы заголовков</Filter>
    </ClInclude>
    <ClInclude Include="main\features\feats\custspeed\customspeed.h">
      <Filter>Файлы заголовков</Filter>
    </ClInclude>
    <ClInclude Include="main\features\feats\teleport\teleport.h">
      <Filter>Файлы заголовков</Filter>
    </ClInclude>
    <ClInclude Include="main\features\feats\exitvanone\exitvanone.h">
      <Filter>Файлы заголовков</Filter>
    </ClInclude>
    <ClInclude Include="main\sdk\ServerManager.h">
      <Filter>Файлы заголовков</Filter>
    </ClInclude>
    <ClInclude Include="main\features\feats\antikick\antikick.h">
      <Filter>Файлы заголовков</Filter>
    </ClInclude>
    <ClInclude Include="main\sdk\ObjectiveManager.h">
      <Filter>Файлы заголовков</Filter>
    </ClInclude>
    <ClInclude Include="main\features\feats\rewardmod\rewardmodifier.h">
      <Filter>Файлы заголовков</Filter>
    </ClInclude>
    <ClInclude Include="main\sdk\Difficulty.h">
      <Filter>Файлы заголовков</Filter>
    </ClInclude>
    <ClInclude Include="main\features\feats\diffmod\difficultymodifier.h">
      <Filter>Файлы заголовков</Filter>
    </ClInclude>
    <ClInclude Include="main\features\feats\doormod\doormodifier.h">
      <Filter>Файлы заголовков</Filter>
    </ClInclude>
    <ClInclude Include="main\sdk\Key.h">
      <Filter>Файлы заголовков</Filter>
    </ClInclude>
    <ClInclude Include="main\features\feats\grabkey\grabkey.h">
      <Filter>Файлы заголовков</Filter>
    </ClInclude>
    <ClInclude Include="main\sdk\Map.h">
      <Filter>Файлы заголовков</Filter>
    </ClInclude>
    <ClInclude Include="main\features\feats\mapmod\mapmodifier.h">
      <Filter>Файлы заголовков</Filter>
    </ClInclude>
    <ClInclude Include="main\sdk\SceneManager.h">
      <Filter>Файлы заголовков</Filter>
    </ClInclude>
    <ClInclude Include="main\sdk\LightSwitch.h">
      <Filter>Файлы заголовков</Filter>
    </ClInclude>
    <ClInclude Include="main\sdk\Object.h">
      <Filter>Файлы заголовков</Filter>
    </ClInclude>
    <ClInclude Include="main\sdk\SaltShaker.h">
      <Filter>Файлы заголовков</Filter>
    </ClInclude>
    <ClInclude Include="main\features\feats\saltmod\saltmodifier.h">
      <Filter>Файлы заголовков</Filter>
    </ClInclude>
    <ClInclude Include="main\sdk\SaltSpot.h">
      <Filter>Файлы заголовков</Filter>
    </ClInclude>
    <ClInclude Include="main\sdk\PhotonView.h">
      <Filter>Файлы заголовков</Filter>
    </ClInclude>
    <ClInclude Include="main\sdk\LevelSelectionManager.h">
      <Filter>Файлы заголовков</Filter>
    </ClInclude>
    <ClInclude Include="main\features\feats\tests\test.h">
      <Filter>Файлы заголовков</Filter>
    </ClInclude>
    <ClInclude Include="main\features\feats\shopmod\shopmodifier.h">
      <Filter>Файлы заголовков</Filter>
    </ClInclude>
    <ClInclude Include="main\sdk\StoreItemInfo.h">
      <Filter>Файлы заголовков</Filter>
    </ClInclude>
    <ClInclude Include="main\sdk\ItemInfo.h">
      <Filter>Файлы заголовков</Filter>
    </ClInclude>
    <ClInclude Include="main\sdk\StoreItem.h">
      <Filter>Файлы заголовков</Filter>
    </ClInclude>
    <ClInclude Include="main\sdk\Resources.h">
      <Filter>Файлы заголовков</Filter>
    </ClInclude>
    <ClInclude Include="main\sdk\Application.h">
      <Filter>Файлы заголовков</Filter>
    </ClInclude>
    <ClInclude Include="main\sdk\JournalController.h">
      <Filter>Файлы заголовков</Filter>
    </ClInclude>
    <ClInclude Include="main\sdk\PhotonMessageInfo.h">
      <Filter>Файлы заголовков</Filter>
    </ClInclude>
    <ClInclude Include="main\sdk\TextMeshProUGUI.h">
      <Filter>Файлы заголовков</Filter>
    </ClInclude>
    <ClInclude Include="main\features\feats\forcestart\forcestart.h">
      <Filter>Файлы заголовков</Filter>
    </ClInclude>
    <ClInclude Include="main\sdk\DNAEvidence.h">
      <Filter>Файлы заголовков</Filter>
    </ClInclude>
    <ClInclude Include="main\features\feats\notifyinfo\notifyinfo.h">
      <Filter>Файлы заголовков</Filter>
    </ClInclude>
    <ClInclude Include="main\sdk\FallTeleportBox.h">
      <Filter>Файлы заголовков</Filter>
    </ClInclude>
    <ClInclude Include="main\sdk\JackInTheBox.h">
      <Filter>Файлы заголовков</Filter>
    </ClInclude>
  </ItemGroup>
</Project>